
Microsoft Visual Studio Solution File, Format Version 12.00
# Visual Studio Version 17
VisualStudioVersion = 17.3.32901.215
MinimumVisualStudioVersion = 10.0.40219.1
Project("{FAE04EC0-301F-11D3-BF4B-00C04F79EFBC}") = "Session05_Loops", "Session05_Loops.csproj", "{E8AFA99C-A207-4C1A-A816-4E3A64BE3BFD}"
EndProject
Global
	GlobalSection(SolutionConfigurationPlatforms) = preSolution
		Debug|Any CPU = Debug|Any CPU
		Release|Any CPU = Release|Any CPU
	EndGlobalSection
	GlobalSection(ProjectConfigurationPlatforms) = postSolution
		{E8AFA99C-A207-4C1A-A816-4E3A64BE3BFD}.Debug|Any CPU.ActiveCfg = Debug|Any CPU
		{E8AFA99C-A207-4C1A-A816-4E3A64BE3BFD}.Debug|Any CPU.Build.0 = Debug|Any CPU
		{E8AFA99C-A207-4C1A-A816-4E3A64BE3BFD}.Release|Any CPU.ActiveCfg = Release|Any CPU
		{E8AFA99C-A207-4C1A-A816-4E3A64BE3BFD}.Release|Any CPU.Build.0 = Release|Any CPU
	EndGlobalSection
	GlobalSection(SolutionProperties) = preSolution
		HideSolutionNode = FALSE
	EndGlobalSection
	GlobalSection(ExtensibilityGlobals) = postSolution
		SolutionGuid = {C8C60D28-A355-4C3E-BB3F-1A09A26591CF}
	EndGlobalSection
EndGlobal
